
Microsoft Visual Studio Solution File, Format Version 12.00
# Visual Studio Version 17
VisualStudioVersion = 17.1.32421.90
MinimumVisualStudioVersion = 10.0.40219.1
Project("{FAE04EC0-301F-11D3-BF4B-00C04F79EFBC}") = "BankA", "BankA\BankA.csproj", "{A2FEBC49-28FE-498D-8840-84EE41BA3F7D}"
EndProject
Global
	GlobalSection(SolutionConfigurationPlatforms) = preSolution
		Debug|Any CPU = Debug|Any CPU
		Release|Any CPU = Release|Any CPU
	EndGlobalSection
	GlobalSection(ProjectConfigurationPlatforms) = postSolution
		{A2FEBC49-28FE-498D-8840-84EE41BA3F7D}.Debug|Any CPU.ActiveCfg = Debug|Any CPU
		{A2FEBC49-28FE-498D-8840-84EE41BA3F7D}.Debug|Any CPU.Build.0 = Debug|Any CPU
		{A2FEBC49-28FE-498D-8840-84EE41BA3F7D}.Release|Any CPU.ActiveCfg = Release|Any CPU
		{A2FEBC49-28FE-498D-8840-84EE41BA3F7D}.Release|Any CPU.Build.0 = Release|Any CPU
	EndGlobalSection
	GlobalSection(SolutionProperties) = preSolution
		HideSolutionNode = FALSE
	EndGlobalSection
	GlobalSection(ExtensibilityGlobals) = postSolution
		SolutionGuid = {72CB4E74-329D-4AA1-9346-035019739917}
	EndGlobalSection
EndGlobal
